// !$*UTF8*$!
{
	archiveVersion = 1;
	classes = {
	};
	objectVersion = 55;
	objects = {

/* Begin PBXBuildFile section */
		8599A00329BF1D5F00BA569B /* AppDelegate.swift in Sources */ = {isa = PBXBuildFile; fileRef = 8599A00229BF1D5F00BA569B /* AppDelegate.swift */; };
		8599A00529BF1D5F00BA569B /* SceneDelegate.swift in Sources */ = {isa = PBXBuildFile; fileRef = 8599A00429BF1D5F00BA569B /* SceneDelegate.swift */; };
		8599A00729BF1D5F00BA569B /* ViewController.swift in Sources */ = {isa = PBXBuildFile; fileRef = 8599A00629BF1D5F00BA569B /* ViewController.swift */; };
		8599A00A29BF1D5F00BA569B /* Main.storyboard in Resources */ = {isa = PBXBuildFile; fileRef = 8599A00829BF1D5F00BA569B /* Main.storyboard */; };
		8599A00C29BF1D6300BA569B /* Assets.xcassets in Resources */ = {isa = PBXBuildFile; fileRef = 8599A00B29BF1D6300BA569B /* Assets.xcassets */; };
		8599A00F29BF1D6300BA569B /* LaunchScreen.storyboard in Resources */ = {isa = PBXBuildFile; fileRef = 8599A00D29BF1D6300BA569B /* LaunchScreen.storyboard */; };
		8599A01729BF2E2100BA569B /* ResultViewController.swift in Sources */ = {isa = PBXBuildFile; fileRef = 8599A01629BF2E2100BA569B /* ResultViewController.swift */; };
		8599A01A29BF319800BA569B /* CalculateBmiManager.swift in Sources */ = {isa = PBXBuildFile; fileRef = 8599A01929BF319800BA569B /* CalculateBmiManager.swift */; };
		8599A01C29BF34E800BA569B /* BmiModel.swift in Sources */ = {isa = PBXBuildFile; fileRef = 8599A01B29BF34E800BA569B /* BmiModel.swift */; };
/* End PBXBuildFile section */

/* Begin PBXFileReference section */
		85999FFF29BF1D5F00BA569B /* CalculateBMI.app */ = {isa = PBXFileReference; explicitFileType = wrapper.application; includeInIndex = 0; path = CalculateBMI.app; sourceTree = BUILT_PRODUCTS_DIR; };
		8599A00229BF1D5F00BA569B /* AppDelegate.swift */ = {isa = PBXFileReference; lastKnownFileType = sourcecode.swift; path = AppDelegate.swift; sourceTree = "<group>"; };
		8599A00429BF1D5F00BA569B /* SceneDelegate.swift */ = {isa = PBXFileReference; lastKnownFileType = sourcecode.swift; path = SceneDelegate.swift; sourceTree = "<group>"; };
		8599A00629BF1D5F00BA569B /* ViewController.swift */ = {isa = PBXFileReference; lastKnownFileType = sourcecode.swift; path = ViewController.swift; sourceTree = "<group>"; };
		8599A00929BF1D5F00BA569B /* Base */ = {isa = PBXFileReference; lastKnownFileType = file.storyboard; name = Base; path = Base.lproj/Main.storyboard; sourceTree = "<group>"; };
		8599A00B29BF1D6300BA569B /* Assets.xcassets */ = {isa = PBXFileReference; lastKnownFileType = folder.assetcatalog; path = Assets.xcassets; sourceTree = "<group>"; };
		8599A00E29BF1D6300BA569B /* Base */ = {isa = PBXFileReference; lastKnownFileType = file.storyboard; name = Base; path = Base.lproj/LaunchScreen.storyboard; sourceTree = "<group>"; };
		8599A01029BF1D6300BA569B /* Info.plist */ = {isa = PBXFileReference; lastKnownFileType = text.plist.xml; path = Info.plist; sourceTree = "<group>"; };
		8599A01629BF2E2100BA569B /* ResultViewController.swift */ = {isa = PBXFileReference; lastKnownFileType = sourcecode.swift; path = ResultViewController.swift; sourceTree = "<group>"; };
		8599A01929BF319800BA569B /* CalculateBmiManager.swift */ = {isa = PBXFileReference; lastKnownFileType = sourcecode.swift; path = CalculateBmiManager.swift; sourceTree = "<group>"; };
		8599A01B29BF34E800BA569B /* BmiModel.swift */ = {isa = PBXFileReference; lastKnownFileType = sourcecode.swift; path = BmiModel.swift; sourceTree = "<group>"; };
/* End PBXFileReference section */

/* Begin PBXFrameworksBuildPhase section */
		85999FFC29BF1D5F00BA569B /* Frameworks */ = {
			isa = PBXFrameworksBuildPhase;
			buildActionMask = 2147483647;
			files = (
			);
			runOnlyForDeploymentPostprocessing = 0;
		};
/* End PBXFrameworksBuildPhase section */

/* Begin PBXGroup section */
		85999FF629BF1D5F00BA569B = {
			isa = PBXGroup;
			children = (
				8599A00129BF1D5F00BA569B /* CalculateBMI */,
				8599A00029BF1D5F00BA569B /* Products */,
			);
			sourceTree = "<group>";
		};
		8599A00029BF1D5F00BA569B /* Products */ = {
			isa = PBXGroup;
			children = (
				85999FFF29BF1D5F00BA569B /* CalculateBMI.app */,
			);
			name = Products;
			sourceTree = "<group>";
		};
		8599A00129BF1D5F00BA569B /* CalculateBMI */ = {
			isa = PBXGroup;
			children = (
				8599A01F29BF3E2D00BA569B /* Controller */,
				8599A01E29BF3E1D00BA569B /* View */,
				8599A01D29BF3E0C00BA569B /* Model */,
				8599A00229BF1D5F00BA569B /* AppDelegate.swift */,
				8599A00429BF1D5F00BA569B /* SceneDelegate.swift */,
				8599A00829BF1D5F00BA569B /* Main.storyboard */,
				8599A00B29BF1D6300BA569B /* Assets.xcassets */,
				8599A00D29BF1D6300BA569B /* LaunchScreen.storyboard */,
				8599A01029BF1D6300BA569B /* Info.plist */,
			);
			path = CalculateBMI;
			sourceTree = "<group>";
		};
		8599A01D29BF3E0C00BA569B /* Model */ = {
			isa = PBXGroup;
			children = (
				8599A01B29BF34E800BA569B /* BmiModel.swift */,
			);
			path = Model;
			sourceTree = "<group>";
		};
		8599A01E29BF3E1D00BA569B /* View */ = {
			isa = PBXGroup;
			children = (
				8599A01629BF2E2100BA569B /* ResultViewController.swift */,
				8599A00629BF1D5F00BA569B /* ViewController.swift */,
			);
			path = View;
			sourceTree = "<group>";
		};
		8599A01F29BF3E2D00BA569B /* Controller */ = {
			isa = PBXGroup;
			children = (
				8599A01929BF319800BA569B /* CalculateBmiManager.swift */,
			);
			path = Controller;
			sourceTree = "<group>";
		};
/* End PBXGroup section */

/* Begin PBXNativeTarget section */
		85999FFE29BF1D5F00BA569B /* CalculateBMI */ = {
			isa = PBXNativeTarget;
			buildConfigurationList = 8599A01329BF1D6300BA569B /* Build configuration list for PBXNativeTarget "CalculateBMI" */;
			buildPhases = (
				85999FFB29BF1D5F00BA569B /* Sources */,
				85999FFC29BF1D5F00BA569B /* Frameworks */,
				85999FFD29BF1D5F00BA569B /* Resources */,
			);
			buildRules = (
			);
			dependencies = (
			);
			name = CalculateBMI;
			productName = CalculateBMI;
			productReference = 85999FFF29BF1D5F00BA569B /* CalculateBMI.app */;
			productType = "com.apple.product-type.application";
		};
/* End PBXNativeTarget section */

/* Begin PBXProject section */
		85999FF729BF1D5F00BA569B /* Project object */ = {
			isa = PBXProject;
			attributes = {
				BuildIndependentTargetsInParallel = 1;
				LastSwiftUpdateCheck = 1330;
				LastUpgradeCheck = 1330;
				TargetAttributes = {
					85999FFE29BF1D5F00BA569B = {
						CreatedOnToolsVersion = 13.3;
					};
				};
			};
			buildConfigurationList = 85999FFA29BF1D5F00BA569B /* Build configuration list for PBXProject "CalculateBMI" */;
			compatibilityVersion = "Xcode 13.0";
			developmentRegion = en;
			hasScannedForEncodings = 0;
			knownRegions = (
				en,
				Base,
			);
			mainGroup = 85999FF629BF1D5F00BA569B;
			productRefGroup = 8599A00029BF1D5F00BA569B /* Products */;
			projectDirPath = "";
			projectRoot = "";
			targets = (
				85999FFE29BF1D5F00BA569B /* CalculateBMI */,
			);
		};
/* End PBXProject section */

/* Begin PBXResourcesBuildPhase section */
		85999FFD29BF1D5F00BA569B /* Resources */ = {
			isa = PBXResourcesBuildPhase;
			buildActionMask = 2147483647;
			files = (
				8599A00F29BF1D6300BA569B /* LaunchScreen.storyboard in Resources */,
				8599A00C29BF1D6300BA569B /* Assets.xcassets in Resources */,
				8599A00A29BF1D5F00BA569B /* Main.storyboard in Resources */,
			);
			runOnlyForDeploymentPostprocessing = 0;
		};
/* End PBXResourcesBuildPhase section */

/* Begin PBXSourcesBuildPhase section */
		85999FFB29BF1D5F00BA569B /* Sources */ = {
			isa = PBXSourcesBuildPhase;
			buildActionMask = 2147483647;
			files = (
				8599A00729BF1D5F00BA569B /* ViewController.swift in Sources */,
				8599A00329BF1D5F00BA569B /* AppDelegate.swift in Sources */,
				8599A01C29BF34E800BA569B /* BmiModel.swift in Sources */,
				8599A01A29BF319800BA569B /* CalculateBmiManager.swift in Sources */,
				8599A00529BF1D5F00BA569B /* SceneDelegate.swift in Sources */,
				8599A01729BF2E2100BA569B /* ResultViewController.swift in Sources */,
			);
			runOnlyForDeploymentPostprocessing = 0;
		};
/* End PBXSourcesBuildPhase section */

/* Begin PBXVariantGroup section */
		8599A00829BF1D5F00BA569B /* Main.storyboard */ = {
			isa = PBXVariantGroup;
			children = (
				8599A00929BF1D5F00BA569B /* Base */,
			);
			name = Main.storyboard;
			sourceTree = "<group>";
		};
		8599A00D29BF1D6300BA569B /* LaunchScreen.storyboard */ = {
			isa = PBXVariantGroup;
			children = (
				8599A00E29BF1D6300BA569B /* Base */,
			);
			name = LaunchScreen.storyboard;
			sourceTree = "<group>";
		};
/* End PBXVariantGroup section */

/* Begin XCBuildConfiguration section */
		8599A01129BF1D6300BA569B /* Debug */ = {
			isa = XCBuildConfiguration;
			buildSettings = {
				ALWAYS_SEARCH_USER_PATHS = NO;
				CLANG_ANALYZER_NONNULL = YES;
				CLANG_ANALYZER_NUMBER_OBJECT_CONVERSION = YES_AGGRESSIVE;
				CLANG_CXX_LANGUAGE_STANDARD = "gnu++17";
				CLANG_ENABLE_MODULES = YES;
				CLANG_ENABLE_OBJC_ARC = YES;
				CLANG_ENABLE_OBJC_WEAK = YES;
				CLANG_WARN_BLOCK_CAPTURE_AUTORELEASING = YES;
				CLANG_WARN_BOOL_CONVERSION = YES;
				CLANG_WARN_COMMA = YES;
				CLANG_WARN_CONSTANT_CONVERSION = YES;
				CLANG_WARN_DEPRECATED_OBJC_IMPLEMENTATIONS = YES;
				CLANG_WARN_DIRECT_OBJC_ISA_USAGE = YES_ERROR;
				CLANG_WARN_DOCUMENTATION_COMMENTS = YES;
				CLANG_WARN_EMPTY_BODY = YES;
				CLANG_WARN_ENUM_CONVERSION = YES;
				CLANG_WARN_INFINITE_RECURSION = YES;
				CLANG_WARN_INT_CONVERSION = YES;
				CLANG_WARN_NON_LITERAL_NULL_CONVERSION = YES;
				CLANG_WARN_OBJC_IMPLICIT_RETAIN_SELF = YES;
				CLANG_WARN_OBJC_LITERAL_CONVERSION = YES;
				CLANG_WARN_OBJC_ROOT_CLASS = YES_ERROR;
				CLANG_WARN_QUOTED_INCLUDE_IN_FRAMEWORK_HEADER = YES;
				CLANG_WARN_RANGE_LOOP_ANALYSIS = YES;
				CLANG_WARN_STRICT_PROTOTYPES = YES;
				CLANG_WARN_SUSPICIOUS_MOVE = YES;
				CLANG_WARN_UNGUARDED_AVAILABILITY = YES_AGGRESSIVE;
				CLANG_WARN_UNREACHABLE_CODE = YES;
				CLANG_WARN__DUPLICATE_METHOD_MATCH = YES;
				COPY_PHASE_STRIP = NO;
				DEBUG_INFORMATION_FORMAT = dwarf;
				ENABLE_STRICT_OBJC_MSGSEND = YES;
				ENABLE_TESTABILITY = YES;
				GCC_C_LANGUAGE_STANDARD = gnu11;
				GCC_DYNAMIC_NO_PIC = NO;
				GCC_NO_COMMON_BLOCKS = YES;
				GCC_OPTIMIZATION_LEVEL = 0;
				GCC_PREPROCESSOR_DEFINITIONS = (
					"DEBUG=1",
					"$(inherited)",
				);
				GCC_WARN_64_TO_32_BIT_CONVERSION = YES;
				GCC_WARN_ABOUT_RETURN_TYPE = YES_ERROR;
				GCC_WARN_UNDECLARED_SELECTOR = YES;
				GCC_WARN_UNINITIALIZED_AUTOS = YES_AGGRESSIVE;
				GCC_WARN_UNUSED_FUNCTION = YES;
				GCC_WARN_UNUSED_VARIABLE = YES;
				IPHONEOS_DEPLOYMENT_TARGET = 15.4;
				MTL_ENABLE_DEBUG_INFO = INCLUDE_SOURCE;
				MTL_FAST_MATH = YES;
				ONLY_ACTIVE_ARCH = YES;
				SDKROOT = iphoneos;
				SWIFT_ACTIVE_COMPILATION_CONDITIONS = DEBUG;
				SWIFT_OPTIMIZATION_LEVEL = "-Onone";
			};
			name = Debug;
		};
		8599A01229BF1D6300BA569B /* Release */ = {
			isa = XCBuildConfiguration;
			buildSettings = {
				ALWAYS_SEARCH_USER_PATHS = NO;
				CLANG_ANALYZER_NONNULL = YES;
				CLANG_ANALYZER_NUMBER_OBJECT_CONVERSION = YES_AGGRESSIVE;
				CLANG_CXX_LANGUAGE_STANDARD = "gnu++17";
				CLANG_ENABLE_MODULES = YES;
				CLANG_ENABLE_OBJC_ARC = YES;
				CLANG_ENABLE_OBJC_WEAK = YES;
				CLANG_WARN_BLOCK_CAPTURE_AUTORELEASING = YES;
				CLANG_WARN_BOOL_CONVERSION = YES;
				CLANG_WARN_COMMA = YES;
				CLANG_WARN_CONSTANT_CONVERSION = YES;
				CLANG_WARN_DEPRECATED_OBJC_IMPLEMENTATIONS = YES;
				CLANG_WARN_DIRECT_OBJC_ISA_USAGE = YES_ERROR;
				CLANG_WARN_DOCUMENTATION_COMMENTS = YES;
				CLANG_WARN_EMPTY_BODY = YES;
				CLANG_WARN_ENUM_CONVERSION = YES;
				CLANG_WARN_INFINITE_RECURSION = YES;
				CLANG_WARN_INT_CONVERSION = YES;
				CLANG_WARN_NON_LITERAL_NULL_CONVERSION = YES;
				CLANG_WARN_OBJC_IMPLICIT_RETAIN_SELF = YES;
				CLANG_WARN_OBJC_LITERAL_CONVERSION = YES;
				CLANG_WARN_OBJC_ROOT_CLASS = YES_ERROR;
				CLANG_WARN_QUOTED_INCLUDE_IN_FRAMEWORK_HEADER = YES;
				CLANG_WARN_RANGE_LOOP_ANALYSIS = YES;
				CLANG_WARN_STRICT_PROTOTYPES = YES;
				CLANG_WARN_SUSPICIOUS_MOVE = YES;
				CLANG_WARN_UNGUARDED_AVAILABILITY = YES_AGGRESSIVE;
				CLANG_WARN_UNREACHABLE_CODE = YES;
				CLANG_WARN__DUPLICATE_METHOD_MATCH = YES;
				COPY_PHASE_STRIP = NO;
				DEBUG_INFORMATION_FORMAT = "dwarf-with-dsym";
				ENABLE_NS_ASSERTIONS = NO;
				ENABLE_STRICT_OBJC_MSGSEND = YES;
				GCC_C_LANGUAGE_STANDARD = gnu11;
				GCC_NO_COMMON_BLOCKS = YES;
				GCC_WARN_64_TO_32_BIT_CONVERSION = YES;
				GCC_WARN_ABOUT_RETURN_TYPE = YES_ERROR;
				GCC_WARN_UNDECLARED_SELECTOR = YES;
				GCC_WARN_UNINITIALIZED_AUTOS = YES_AGGRESSIVE;
				GCC_WARN_UNUSED_FUNCTION = YES;
				GCC_WARN_UNUSED_VARIABLE = YES;
				IPHONEOS_DEPLOYMENT_TARGET = 15.4;
				MTL_ENABLE_DEBUG_INFO = NO;
				MTL_FAST_MATH = YES;
				SDKROOT = iphoneos;
				SWIFT_COMPILATION_MODE = wholemodule;
				SWIFT_OPTIMIZATION_LEVEL = "-O";
				VALIDATE_PRODUCT = YES;
			};
			name = Release;
		};
		8599A01429BF1D6300BA569B /* Debug */ = {
			isa = XCBuildConfiguration;
			buildSettings = {
				ASSETCATALOG_COMPILER_APPICON_NAME = AppIcon;
				ASSETCATALOG_COMPILER_GLOBAL_ACCENT_COLOR_NAME = AccentColor;
				CODE_SIGN_STYLE = Automatic;
				CURRENT_PROJECT_VERSION = 1;
				DEVELOPMENT_TEAM = 6N93TASGQZ;
				GENERATE_INFOPLIST_FILE = YES;
				INFOPLIST_FILE = CalculateBMI/Info.plist;
				INFOPLIST_KEY_UIApplicationSupportsIndirectInputEvents = YES;
				INFOPLIST_KEY_UILaunchStoryboardName = LaunchScreen;
				INFOPLIST_KEY_UIMainStoryboardFile = Main;
				INFOPLIST_KEY_UISupportedInterfaceOrientations_iPad = "UIInterfaceOrientationPortrait UIInterfaceOrientationPortraitUpsideDown UIInterfaceOrientationLandscapeLeft UIInterfaceOrientationLandscapeRight";
				INFOPLIST_KEY_UISupportedInterfaceOrientations_iPhone = "UIInterfaceOrientationPortrait UIInterfaceOrientationLandscapeLeft UIInterfaceOrientationLandscapeRight";
				LD_RUNPATH_SEARCH_PATHS = (
					"$(inherited)",
					"@executable_path/Frameworks",
				);
				MARKETING_VERSION = 1.0;
				PRODUCT_BUNDLE_IDENTIFIER = com.seehrasolutions.CalculateBMI;
				PRODUCT_NAME = "$(TARGET_NAME)";
				SWIFT_EMIT_LOC_STRINGS = YES;
				SWIFT_VERSION = 5.0;
				TARGETED_DEVICE_FAMILY = "1,2";
			};
			name = Debug;
		};
		8599A01529BF1D6300BA569B /* Release */ = {
			isa = XCBuildConfiguration;
			buildSettings = {
				ASSETCATALOG_COMPILER_APPICON_NAME = AppIcon;
				ASSETCATALOG_COMPILER_GLOBAL_ACCENT_COLOR_NAME = AccentColor;
				CODE_SIGN_STYLE = Automatic;
				CURRENT_PROJECT_VERSION = 1;
				DEVELOPMENT_TEAM = 6N93TASGQZ;
				GENERATE_INFOPLIST_FILE = YES;
				INFOPLIST_FILE = CalculateBMI/Info.plist;
				INFOPLIST_KEY_UIApplicationSupportsIndirectInputEvents = YES;
				INFOPLIST_KEY_UILaunchStoryboardName = LaunchScreen;
				INFOPLIST_KEY_UIMainStoryboardFile = Main;
				INFOPLIST_KEY_UISupportedInterfaceOrientations_iPad = "UIInterfaceOrientationPortrait UIInterfaceOrientationPortraitUpsideDown UIInterfaceOrientationLandscapeLeft UIInterfaceOrientationLandscapeRight";
				INFOPLIST_KEY_UISupportedInterfaceOrientations_iPhone = "UIInterfaceOrientationPortrait UIInterfaceOrientationLandscapeLeft UIInterfaceOrientationLandscapeRight";
				LD_RUNPATH_SEARCH_PATHS = (
					"$(inherited)",
					"@executable_path/Frameworks",
				);
				MARKETING_VERSION = 1.0;
				PRODUCT_BUNDLE_IDENTIFIER = com.seehrasolutions.CalculateBMI;
				PRODUCT_NAME = "$(TARGET_NAME)";
				SWIFT_EMIT_LOC_STRINGS = YES;
				SWIFT_VERSION = 5.0;
				TARGETED_DEVICE_FAMILY = "1,2";
			};
			name = Release;
		};
/* End XCBuildConfiguration section */

/* Begin XCConfigurationList section */
		85999FFA29BF1D5F00BA569B /* Build configuration list for PBXProject "CalculateBMI" */ = {
			isa = XCConfigurationList;
			buildConfigurations = (
				8599A01129BF1D6300BA569B /* Debug */,
				8599A01229BF1D6300BA569B /* Release */,
			);
			defaultConfigurationIsVisible = 0;
			defaultConfigurationName = Release;
		};
		8599A01329BF1D6300BA569B /* Build configuration list for PBXNativeTarget "CalculateBMI" */ = {
			isa = XCConfigurationList;
			buildConfigurations = (
				8599A01429BF1D6300BA569B /* Debug */,
				8599A01529BF1D6300BA569B /* Release */,
			);
			defaultConfigurationIsVisible = 0;
			defaultConfigurationName = Release;
		};
/* End XCConfigurationList section */
	};
	rootObject = 85999FF729BF1D5F00BA569B /* Project object */;
}
